// !$*UTF8*$!
{
	archiveVersion = 1;
	classes = {
	};
	objectVersion = 52;
	objects = {

/* Begin PBXBuildFile section */
		BC46FB9C26D6016700D94362 /* GameStreamApp.swift in Sources */ = {isa = PBXBuildFile; fileRef = BC46FB9B26D6016700D94362 /* GameStreamApp.swift */; };
		BC46FB9E26D6016700D94362 /* ContentView.swift in Sources */ = {isa = PBXBuildFile; fileRef = BC46FB9D26D6016700D94362 /* ContentView.swift */; };
		BC46FBA026D6016800D94362 /* Assets.xcassets in Resources */ = {isa = PBXBuildFile; fileRef = BC46FB9F26D6016800D94362 /* Assets.xcassets */; };
		BC46FBA326D6016800D94362 /* Preview Assets.xcassets in Resources */ = {isa = PBXBuildFile; fileRef = BC46FBA226D6016800D94362 /* Preview Assets.xcassets */; };
		BC5E2E7026DDDD2600C3BCE3 /* Home.swift in Sources */ = {isa = PBXBuildFile; fileRef = BC5E2E6F26DDDD2600C3BCE3 /* Home.swift */; };
		BC6F640426E721F60098E3E4 /* GameView.swift in Sources */ = {isa = PBXBuildFile; fileRef = BC6F640326E721F60098E3E4 /* GameView.swift */; };
		BC92E21B26E462F50078A8F2 /* Kingfisher in Frameworks */ = {isa = PBXBuildFile; productRef = BC92E21A26E462F50078A8F2 /* Kingfisher */; };
		BCF106FD26E3030C00BA5482 /* GamesView.swift in Sources */ = {isa = PBXBuildFile; fileRef = BCF106FC26E3030C00BA5482 /* GamesView.swift */; };
		BCF1070226E305DE00BA5482 /* Model.swift in Sources */ = {isa = PBXBuildFile; fileRef = BCF1070126E305DE00BA5482 /* Model.swift */; };
		BCF1070526E3062500BA5482 /* ViewModel.swift in Sources */ = {isa = PBXBuildFile; fileRef = BCF1070426E3062500BA5482 /* ViewModel.swift */; };
/* End PBXBuildFile section */

/* Begin PBXFileReference section */
		BC46FB9826D6016700D94362 /* GameStream.app */ = {isa = PBXFileReference; explicitFileType = wrapper.application; includeInIndex = 0; path = GameStream.app; sourceTree = BUILT_PRODUCTS_DIR; };
		BC46FB9B26D6016700D94362 /* GameStreamApp.swift */ = {isa = PBXFileReference; lastKnownFileType = sourcecode.swift; path = GameStreamApp.swift; sourceTree = "<group>"; };
		BC46FB9D26D6016700D94362 /* ContentView.swift */ = {isa = PBXFileReference; lastKnownFileType = sourcecode.swift; path = ContentView.swift; sourceTree = "<group>"; };
		BC46FB9F26D6016800D94362 /* Assets.xcassets */ = {isa = PBXFileReference; lastKnownFileType = folder.assetcatalog; path = Assets.xcassets; sourceTree = "<group>"; };
		BC46FBA226D6016800D94362 /* Preview Assets.xcassets */ = {isa = PBXFileReference; lastKnownFileType = folder.assetcatalog; path = "Preview Assets.xcassets"; sourceTree = "<group>"; };
		BC46FBA426D6016800D94362 /* Info.plist */ = {isa = PBXFileReference; lastKnownFileType = text.plist.xml; path = Info.plist; sourceTree = "<group>"; };
		BC5E2E6F26DDDD2600C3BCE3 /* Home.swift */ = {isa = PBXFileReference; lastKnownFileType = sourcecode.swift; path = Home.swift; sourceTree = "<group>"; };
		BC6F640326E721F60098E3E4 /* GameView.swift */ = {isa = PBXFileReference; lastKnownFileType = sourcecode.swift; path = GameView.swift; sourceTree = "<group>"; };
		BCF106FC26E3030C00BA5482 /* GamesView.swift */ = {isa = PBXFileReference; lastKnownFileType = sourcecode.swift; path = GamesView.swift; sourceTree = "<group>"; };
		BCF1070126E305DE00BA5482 /* Model.swift */ = {isa = PBXFileReference; lastKnownFileType = sourcecode.swift; path = Model.swift; sourceTree = "<group>"; };
		BCF1070426E3062500BA5482 /* ViewModel.swift */ = {isa = PBXFileReference; lastKnownFileType = sourcecode.swift; path = ViewModel.swift; sourceTree = "<group>"; };
/* End PBXFileReference section */

/* Begin PBXFrameworksBuildPhase section */
		BC46FB9526D6016700D94362 /* Frameworks */ = {
			isa = PBXFrameworksBuildPhase;
			buildActionMask = 2147483647;
			files = (
				BC92E21B26E462F50078A8F2 /* Kingfisher in Frameworks */,
			);
			runOnlyForDeploymentPostprocessing = 0;
		};
/* End PBXFrameworksBuildPhase section */

/* Begin PBXGroup section */
		BC46FB8F26D6016700D94362 = {
			isa = PBXGroup;
			children = (
				BC46FB9A26D6016700D94362 /* GameStream */,
				BC46FB9926D6016700D94362 /* Products */,
			);
			sourceTree = "<group>";
		};
		BC46FB9926D6016700D94362 /* Products */ = {
			isa = PBXGroup;
			children = (
				BC46FB9826D6016700D94362 /* GameStream.app */,
			);
			name = Products;
			sourceTree = "<group>";
		};
		BC46FB9A26D6016700D94362 /* GameStream */ = {
			isa = PBXGroup;
			children = (
				BCF1070026E305B000BA5482 /* ViewModel */,
				BCF106FF26E305A400BA5482 /* Model */,
				BCF106FE26E3040200BA5482 /* View */,
				BC46FB9B26D6016700D94362 /* GameStreamApp.swift */,
				BC46FB9F26D6016800D94362 /* Assets.xcassets */,
				BC46FBA426D6016800D94362 /* Info.plist */,
				BC46FBA126D6016800D94362 /* Preview Content */,
			);
			path = GameStream;
			sourceTree = "<group>";
		};
		BC46FBA126D6016800D94362 /* Preview Content */ = {
			isa = PBXGroup;
			children = (
				BC46FBA226D6016800D94362 /* Preview Assets.xcassets */,
			);
			path = "Preview Content";
			sourceTree = "<group>";
		};
		BCF106FE26E3040200BA5482 /* View */ = {
			isa = PBXGroup;
			children = (
				BC5E2E6F26DDDD2600C3BCE3 /* Home.swift */,
				BCF106FC26E3030C00BA5482 /* GamesView.swift */,
				BC46FB9D26D6016700D94362 /* ContentView.swift */,
				BC6F640326E721F60098E3E4 /* GameView.swift */,
			);
			path = View;
			sourceTree = "<group>";
		};
		BCF106FF26E305A400BA5482 /* Model */ = {
			isa = PBXGroup;
			children = (
				BCF1070126E305DE00BA5482 /* Model.swift */,
			);
			path = Model;
			sourceTree = "<group>";
		};
		BCF1070026E305B000BA5482 /* ViewModel */ = {
			isa = PBXGroup;
			children = (
				BCF1070426E3062500BA5482 /* ViewModel.swift */,
			);
			path = ViewModel;
			sourceTree = "<group>";
		};
/* End PBXGroup section */

/* Begin PBXNativeTarget section */
		BC46FB9726D6016700D94362 /* GameStream */ = {
			isa = PBXNativeTarget;
			buildConfigurationList = BC46FBA726D6016800D94362 /* Build configuration list for PBXNativeTarget "GameStream" */;
			buildPhases = (
				BC46FB9426D6016700D94362 /* Sources */,
				BC46FB9526D6016700D94362 /* Frameworks */,
				BC46FB9626D6016700D94362 /* Resources */,
			);
			buildRules = (
			);
			dependencies = (
			);
			name = GameStream;
			packageProductDependencies = (
				BC92E21A26E462F50078A8F2 /* Kingfisher */,
			);
			productName = GameStream;
			productReference = BC46FB9826D6016700D94362 /* GameStream.app */;
			productType = "com.apple.product-type.application";
		};
/* End PBXNativeTarget section */

/* Begin PBXProject section */
		BC46FB9026D6016700D94362 /* Project object */ = {
			isa = PBXProject;
			attributes = {
				LastSwiftUpdateCheck = 1250;
				LastUpgradeCheck = 1250;
				TargetAttributes = {
					BC46FB9726D6016700D94362 = {
						CreatedOnToolsVersion = 12.5.1;
					};
				};
			};
			buildConfigurationList = BC46FB9326D6016700D94362 /* Build configuration list for PBXProject "GameStream" */;
			compatibilityVersion = "Xcode 9.3";
			developmentRegion = en;
			hasScannedForEncodings = 0;
			knownRegions = (
				en,
				Base,
			);
			mainGroup = BC46FB8F26D6016700D94362;
			packageReferences = (
				BC92E21926E462F50078A8F2 /* XCRemoteSwiftPackageReference "Kingfisher" */,
			);
			productRefGroup = BC46FB9926D6016700D94362 /* Products */;
			projectDirPath = "";
			projectRoot = "";
			targets = (
				BC46FB9726D6016700D94362 /* GameStream */,
			);
		};
/* End PBXProject section */

/* Begin PBXResourcesBuildPhase section */
		BC46FB9626D6016700D94362 /* Resources */ = {
			isa = PBXResourcesBuildPhase;
			buildActionMask = 2147483647;
			files = (
				BC46FBA326D6016800D94362 /* Preview Assets.xcassets in Resources */,
				BC46FBA026D6016800D94362 /* Assets.xcassets in Resources */,
			);
			runOnlyForDeploymentPostprocessing = 0;
		};
/* End PBXResourcesBuildPhase section */

/* Begin PBXSourcesBuildPhase section */
		BC46FB9426D6016700D94362 /* Sources */ = {
			isa = PBXSourcesBuildPhase;
			buildActionMask = 2147483647;
			files = (
				BCF1070226E305DE00BA5482 /* Model.swift in Sources */,
				BC46FB9E26D6016700D94362 /* ContentView.swift in Sources */,
				BC5E2E7026DDDD2600C3BCE3 /* Home.swift in Sources */,
				BCF106FD26E3030C00BA5482 /* GamesView.swift in Sources */,
				BCF1070526E3062500BA5482 /* ViewModel.swift in Sources */,
				BC46FB9C26D6016700D94362 /* GameStreamApp.swift in Sources */,
				BC6F640426E721F60098E3E4 /* GameView.swift in Sources */,
			);
			runOnlyForDeploymentPostprocessing = 0;
		};
/* End PBXSourcesBuildPhase section */

/* Begin XCBuildConfiguration section */
		BC46FBA526D6016800D94362 /* Debug */ = {
			isa = XCBuildConfiguration;
			buildSettings = {
				ALWAYS_SEARCH_USER_PATHS = NO;
				CLANG_ANALYZER_NONNULL = YES;
				CLANG_ANALYZER_NUMBER_OBJECT_CONVERSION = YES_AGGRESSIVE;
				CLANG_CXX_LANGUAGE_STANDARD = "gnu++14";
				CLANG_CXX_LIBRARY = "libc++";
				CLANG_ENABLE_MODULES = YES;
				CLANG_ENABLE_OBJC_ARC = YES;
				CLANG_ENABLE_OBJC_WEAK = YES;
				CLANG_WARN_BLOCK_CAPTURE_AUTORELEASING = YES;
				CLANG_WARN_BOOL_CONVERSION = YES;
				CLANG_WARN_COMMA = YES;
				CLANG_WARN_CONSTANT_CONVERSION = YES;
				CLANG_WARN_DEPRECATED_OBJC_IMPLEMENTATIONS = YES;
				CLANG_WARN_DIRECT_OBJC_ISA_USAGE = YES_ERROR;
				CLANG_WARN_DOCUMENTATION_COMMENTS = YES;
				CLANG_WARN_EMPTY_BODY = YES;
				CLANG_WARN_ENUM_CONVERSION = YES;
				CLANG_WARN_INFINITE_RECURSION = YES;
				CLANG_WARN_INT_CONVERSION = YES;
				CLANG_WARN_NON_LITERAL_NULL_CONVERSION = YES;
				CLANG_WARN_OBJC_IMPLICIT_RETAIN_SELF = YES;
				CLANG_WARN_OBJC_LITERAL_CONVERSION = YES;
				CLANG_WARN_OBJC_ROOT_CLASS = YES_ERROR;
				CLANG_WARN_QUOTED_INCLUDE_IN_FRAMEWORK_HEADER = YES;
				CLANG_WARN_RANGE_LOOP_ANALYSIS = YES;
				CLANG_WARN_STRICT_PROTOTYPES = YES;
				CLANG_WARN_SUSPICIOUS_MOVE = YES;
				CLANG_WARN_UNGUARDED_AVAILABILITY = YES_AGGRESSIVE;
				CLANG_WARN_UNREACHABLE_CODE = YES;
				CLANG_WARN__DUPLICATE_METHOD_MATCH = YES;
				COPY_PHASE_STRIP = NO;
				DEBUG_INFORMATION_FORMAT = dwarf;
				ENABLE_STRICT_OBJC_MSGSEND = YES;
				ENABLE_TESTABILITY = YES;
				GCC_C_LANGUAGE_STANDARD = gnu11;
				GCC_DYNAMIC_NO_PIC = NO;
				GCC_NO_COMMON_BLOCKS = YES;
				GCC_OPTIMIZATION_LEVEL = 0;
				GCC_PREPROCESSOR_DEFINITIONS = (
					"DEBUG=1",
					"$(inherited)",
				);
				GCC_WARN_64_TO_32_BIT_CONVERSION = YES;
				GCC_WARN_ABOUT_RETURN_TYPE = YES_ERROR;
				GCC_WARN_UNDECLARED_SELECTOR = YES;
				GCC_WARN_UNINITIALIZED_AUTOS = YES_AGGRESSIVE;
				GCC_WARN_UNUSED_FUNCTION = YES;
				GCC_WARN_UNUSED_VARIABLE = YES;
				IPHONEOS_DEPLOYMENT_TARGET = 14.5;
				MTL_ENABLE_DEBUG_INFO = INCLUDE_SOURCE;
				MTL_FAST_MATH = YES;
				ONLY_ACTIVE_ARCH = YES;
				SDKROOT = iphoneos;
				SWIFT_ACTIVE_COMPILATION_CONDITIONS = DEBUG;
				SWIFT_OPTIMIZATION_LEVEL = "-Onone";
			};
			name = Debug;
		};
		BC46FBA626D6016800D94362 /* Release */ = {
			isa = XCBuildConfiguration;
			buildSettings = {
				ALWAYS_SEARCH_USER_PATHS = NO;
				CLANG_ANALYZER_NONNULL = YES;
				CLANG_ANALYZER_NUMBER_OBJECT_CONVERSION = YES_AGGRESSIVE;
				CLANG_CXX_LANGUAGE_STANDARD = "gnu++14";
				CLANG_CXX_LIBRARY = "libc++";
				CLANG_ENABLE_MODULES = YES;
				CLANG_ENABLE_OBJC_ARC = YES;
				CLANG_ENABLE_OBJC_WEAK = YES;
				CLANG_WARN_BLOCK_CAPTURE_AUTORELEASING = YES;
				CLANG_WARN_BOOL_CONVERSION = YES;
				CLANG_WARN_COMMA = YES;
				CLANG_WARN_CONSTANT_CONVERSION = YES;
				CLANG_WARN_DEPRECATED_OBJC_IMPLEMENTATIONS = YES;
				CLANG_WARN_DIRECT_OBJC_ISA_USAGE = YES_ERROR;
				CLANG_WARN_DOCUMENTATION_COMMENTS = YES;
				CLANG_WARN_EMPTY_BODY = YES;
				CLANG_WARN_ENUM_CONVERSION = YES;
				CLANG_WARN_INFINITE_RECURSION = YES;
				CLANG_WARN_INT_CONVERSION = YES;
				CLANG_WARN_NON_LITERAL_NULL_CONVERSION = YES;
				CLANG_WARN_OBJC_IMPLICIT_RETAIN_SELF = YES;
				CLANG_WARN_OBJC_LITERAL_CONVERSION = YES;
				CLANG_WARN_OBJC_ROOT_CLASS = YES_ERROR;
				CLANG_WARN_QUOTED_INCLUDE_IN_FRAMEWORK_HEADER = YES;
				CLANG_WARN_RANGE_LOOP_ANALYSIS = YES;
				CLANG_WARN_STRICT_PROTOTYPES = YES;
				CLANG_WARN_SUSPICIOUS_MOVE = YES;
				CLANG_WARN_UNGUARDED_AVAILABILITY = YES_AGGRESSIVE;
				CLANG_WARN_UNREACHABLE_CODE = YES;
				CLANG_WARN__DUPLICATE_METHOD_MATCH = YES;
				COPY_PHASE_STRIP = NO;
				DEBUG_INFORMATION_FORMAT = "dwarf-with-dsym";
				ENABLE_NS_ASSERTIONS = NO;
				ENABLE_STRICT_OBJC_MSGSEND = YES;
				GCC_C_LANGUAGE_STANDARD = gnu11;
				GCC_NO_COMMON_BLOCKS = YES;
				GCC_WARN_64_TO_32_BIT_CONVERSION = YES;
				GCC_WARN_ABOUT_RETURN_TYPE = YES_ERROR;
				GCC_WARN_UNDECLARED_SELECTOR = YES;
				GCC_WARN_UNINITIALIZED_AUTOS = YES_AGGRESSIVE;
				GCC_WARN_UNUSED_FUNCTION = YES;
				GCC_WARN_UNUSED_VARIABLE = YES;
				IPHONEOS_DEPLOYMENT_TARGET = 14.5;
				MTL_ENABLE_DEBUG_INFO = NO;
				MTL_FAST_MATH = YES;
				SDKROOT = iphoneos;
				SWIFT_COMPILATION_MODE = wholemodule;
				SWIFT_OPTIMIZATION_LEVEL = "-O";
				VALIDATE_PRODUCT = YES;
			};
			name = Release;
		};
		BC46FBA826D6016800D94362 /* Debug */ = {
			isa = XCBuildConfiguration;
			buildSettings = {
				ASSETCATALOG_COMPILER_APPICON_NAME = AppIcon;
				ASSETCATALOG_COMPILER_GLOBAL_ACCENT_COLOR_NAME = AccentColor;
				CODE_SIGN_STYLE = Automatic;
				DEVELOPMENT_ASSET_PATHS = "\"GameStream/Preview Content\"";
				DEVELOPMENT_TEAM = 77U5G927B3;
				ENABLE_PREVIEWS = YES;
				INFOPLIST_FILE = GameStream/Info.plist;
				IPHONEOS_DEPLOYMENT_TARGET = 14.0;
				LD_RUNPATH_SEARCH_PATHS = (
					"$(inherited)",
					"@executable_path/Frameworks",
				);
				PRODUCT_BUNDLE_IDENTIFIER = com.josefrancasrod.GameStream;
				PRODUCT_NAME = "$(TARGET_NAME)";
				SWIFT_VERSION = 5.0;
				TARGETED_DEVICE_FAMILY = "1,2";
			};
			name = Debug;
		};
		BC46FBA926D6016800D94362 /* Release */ = {
			isa = XCBuildConfiguration;
			buildSettings = {
				ASSETCATALOG_COMPILER_APPICON_NAME = AppIcon;
				ASSETCATALOG_COMPILER_GLOBAL_ACCENT_COLOR_NAME = AccentColor;
				CODE_SIGN_STYLE = Automatic;
				DEVELOPMENT_ASSET_PATHS = "\"GameStream/Preview Content\"";
				DEVELOPMENT_TEAM = 77U5G927B3;
				ENABLE_PREVIEWS = YES;
				INFOPLIST_FILE = GameStream/Info.plist;
				IPHONEOS_DEPLOYMENT_TARGET = 14.0;
				LD_RUNPATH_SEARCH_PATHS = (
					"$(inherited)",
					"@executable_path/Frameworks",
				);
				PRODUCT_BUNDLE_IDENTIFIER = com.josefrancasrod.GameStream;
				PRODUCT_NAME = "$(TARGET_NAME)";
				SWIFT_VERSION = 5.0;
				TARGETED_DEVICE_FAMILY = "1,2";
			};
			name = Release;
		};
/* End XCBuildConfiguration section */

/* Begin XCConfigurationList section */
		BC46FB9326D6016700D94362 /* Build configuration list for PBXProject "GameStream" */ = {
			isa = XCConfigurationList;
			buildConfigurations = (
				BC46FBA526D6016800D94362 /* Debug */,
				BC46FBA626D6016800D94362 /* Release */,
			);
			defaultConfigurationIsVisible = 0;
			defaultConfigurationName = Release;
		};
		BC46FBA726D6016800D94362 /* Build configuration list for PBXNativeTarget "GameStream" */ = {
			isa = XCConfigurationList;
			buildConfigurations = (
				BC46FBA826D6016800D94362 /* Debug */,
				BC46FBA926D6016800D94362 /* Release */,
			);
			defaultConfigurationIsVisible = 0;
			defaultConfigurationName = Release;
		};
/* End XCConfigurationList section */

/* Begin XCRemoteSwiftPackageReference section */
		BC92E21926E462F50078A8F2 /* XCRemoteSwiftPackageReference "Kingfisher" */ = {
			isa = XCRemoteSwiftPackageReference;
			repositoryURL = "https://github.com/onevcat/Kingfisher.git";
			requirement = {
				kind = upToNextMajorVersion;
				minimumVersion = 6.3.1;
			};
		};
/* End XCRemoteSwiftPackageReference section */

/* Begin XCSwiftPackageProductDependency section */
		BC92E21A26E462F50078A8F2 /* Kingfisher */ = {
			isa = XCSwiftPackageProductDependency;
			package = BC92E21926E462F50078A8F2 /* XCRemoteSwiftPackageReference "Kingfisher" */;
			productName = Kingfisher;
		};
/* End XCSwiftPackageProductDependency section */
	};
	rootObject = BC46FB9026D6016700D94362 /* Project object */;
}
